{
  "name": "puzzle-hunt-workbench",
  "version": "0.1.3",
  "lockfileVersion": 3,
  "requires": true,
  "packages": {
    "": {
      "name": "puzzle-hunt-workbench",
      "version": "0.1.3",
      "license": "MIT",
      "devDependencies": {
        "electron": "43.2.0",
        "electron-builder": "26.0.12"
      }
    }
  }
}
